{
  "nodes": {
    "darwin": {
      "inputs": {
        "nixpkgs": [
          "nixpkgs"
        ]
      },
      "locked": {
        "lastModified": 1608628442,
        "narHash": "sha256-MNpNlZ2TqaQNiYuP8UcudfQoZAT/ocwFwFxhANSRt1c=",
        "owner": "lnl7",
        "repo": "nix-darwin",
        "rev": "8834df431736c3037bbef017b24c62bc4ace4645",
        "type": "github"
      },
      "original": {
        "owner": "lnl7",
        "ref": "master",
        "repo": "nix-darwin",
        "type": "github"
      }
    },
    "home-manager": {
      "inputs": {
        "nixpkgs": [
          "nixpkgs"
        ]
      },
      "locked": {
        "lastModified": 1611422785,
        "narHash": "sha256-6XylW5uQ/Hr2BkmOFzLdBxE8qSQNtoWL60LcpCl3Qcw=",
        "owner": "nix-community",
        "repo": "home-manager",
        "rev": "c137866bd7d2a9c2010b618252694f395453cf59",
        "type": "github"
      },
      "original": {
        "owner": "nix-community",
        "ref": "master",
        "repo": "home-manager",
        "type": "github"
      }
    },
    "nixpkgs": {
      "locked": {
        "lastModified": 1611575689,
        "narHash": "sha256-z2rNP3zdVnGxp9iV2Rbn0/LLKhk47DZQKxDkpYFLI7M=",
        "owner": "nixos",
        "repo": "nixpkgs",
        "rev": "891f607d5301d6730cb1f9dcf3618bcb1ab7f10e",
        "type": "github"
      },
      "original": {
        "owner": "nixos",
        "ref": "nixos-unstable",
        "repo": "nixpkgs",
        "type": "github"
      }
    },
    "nur": {
      "locked": {
        "lastModified": 1611742129,
        "narHash": "sha256-fVuFxG8kKkBzhNNT/mVw76itDul8ee8qrylln8Q3xNM=",
        "owner": "nix-community",
        "repo": "NUR",
        "rev": "abe476a3db74f8948dcf713c10f7e6674dce0286",
        "type": "github"
      },
      "original": {
        "owner": "nix-community",
        "repo": "NUR",
        "type": "github"
      }
    },
    "root": {
      "inputs": {
        "darwin": "darwin",
        "home-manager": "home-manager",
        "nixpkgs": "nixpkgs",
        "nur": "nur",
        "stable": "stable"
      }
    },
    "stable": {
      "locked": {
        "lastModified": 1611602709,
        "narHash": "sha256-k+0GDYFcj2O0SqXLyW3mRyQ1YYfTWwBqer10MpsSQzs=",
        "owner": "nixos",
        "repo": "nixpkgs",
        "rev": "e4adbfbab8aadf9d80a93d40fb612cb910073af9",
        "type": "github"
      },
      "original": {
        "owner": "nixos",
        "ref": "nixos-20.09",
        "repo": "nixpkgs",
        "type": "github"
      }
    }
  },
  "root": "root",
  "version": 7
}
