{
  "nodes": {
    "darwin": {
      "inputs": {
        "nixpkgs": [
          "nixpkgs"
        ]
      },
      "locked": {
        "lastModified": 1611862547,
        "narHash": "sha256-pBWrGexAJjuQjveuuDEsbeLZoQabbA7gaQs9h+OuZwo=",
        "owner": "lnl7",
        "repo": "nix-darwin",
        "rev": "9e3e4033bcbb88dab3650889b73a242c58adc00e",
        "type": "github"
      },
      "original": {
        "owner": "lnl7",
        "ref": "master",
        "repo": "nix-darwin",
        "type": "github"
      }
    },
    "home-manager": {
      "inputs": {
        "nixpkgs": [
          "nixpkgs"
        ]
      },
      "locked": {
        "lastModified": 1611784121,
        "narHash": "sha256-H0KonFbl300yRHjb41meuEUGJYG/OY0sAu7Z6rAeMCU=",
        "owner": "nix-community",
        "repo": "home-manager",
        "rev": "db88b625f9230154878db56e934e940d84f153bc",
        "type": "github"
      },
      "original": {
        "owner": "nix-community",
        "ref": "master",
        "repo": "home-manager",
        "type": "github"
      }
    },
    "nixpkgs": {
      "locked": {
        "lastModified": 1611575689,
        "narHash": "sha256-z2rNP3zdVnGxp9iV2Rbn0/LLKhk47DZQKxDkpYFLI7M=",
        "owner": "nixos",
        "repo": "nixpkgs",
        "rev": "891f607d5301d6730cb1f9dcf3618bcb1ab7f10e",
        "type": "github"
      },
      "original": {
        "owner": "nixos",
        "ref": "nixos-unstable",
        "repo": "nixpkgs",
        "type": "github"
      }
    },
    "nur": {
      "locked": {
        "lastModified": 1611857566,
        "narHash": "sha256-GDnuxMW6YuedUMUMs/SjMRDMLLZvNuDKEwJp/FVwx58=",
        "owner": "nix-community",
        "repo": "NUR",
        "rev": "51fbce74489359e1f8bf4fc338eba4555784a960",
        "type": "github"
      },
      "original": {
        "owner": "nix-community",
        "repo": "NUR",
        "type": "github"
      }
    },
    "root": {
      "inputs": {
        "darwin": "darwin",
        "home-manager": "home-manager",
        "nixpkgs": "nixpkgs",
        "nur": "nur",
        "stable": "stable"
      }
    },
    "stable": {
      "locked": {
        "lastModified": 1611737567,
        "narHash": "sha256-r+Bol0hN5TFlX8cxF7Z6TQOE3EJSFHdDMr84Zm5ZVNs=",
        "owner": "nixos",
        "repo": "nixpkgs",
        "rev": "85abeab48b5feda4b163e5bb32f50aad1164e415",
        "type": "github"
      },
      "original": {
        "owner": "nixos",
        "ref": "nixos-20.09",
        "repo": "nixpkgs",
        "type": "github"
      }
    }
  },
  "root": "root",
  "version": 7
}
